
Microsoft Visual Studio Solution File, Format Version 12.00
# Visual Studio Version 17
VisualStudioVersion = 17.9.34723.18
MinimumVisualStudioVersion = 10.0.40219.1
Project("{FAE04EC0-301F-11D3-BF4B-00C04F79EFBC}") = "Bai2_23TH2519", "Bai2_23TH2519\Bai2_23TH2519.csproj", "{999F57ED-D0AE-46D3-8666-1E239A31994F}"
EndProject
Global
	GlobalSection(SolutionConfigurationPlatforms) = preSolution
		Debug|Any CPU = Debug|Any CPU
		Release|Any CPU = Release|Any CPU
	EndGlobalSection
	GlobalSection(ProjectConfigurationPlatforms) = postSolution
		{999F57ED-D0AE-46D3-8666-1E239A31994F}.Debug|Any CPU.ActiveCfg = Debug|Any CPU
		{999F57ED-D0AE-46D3-8666-1E239A31994F}.Debug|Any CPU.Build.0 = Debug|Any CPU
		{999F57ED-D0AE-46D3-8666-1E239A31994F}.Release|Any CPU.ActiveCfg = Release|Any CPU
		{999F57ED-D0AE-46D3-8666-1E239A31994F}.Release|Any CPU.Build.0 = Release|Any CPU
	EndGlobalSection
	GlobalSection(SolutionProperties) = preSolution
		HideSolutionNode = FALSE
	EndGlobalSection
	GlobalSection(ExtensibilityGlobals) = postSolution
		SolutionGuid = {E1167F21-0993-4C38-B487-0352680ED9E1}
	EndGlobalSection
EndGlobal
